{
  "requires": true,
  "lockfileVersion": 1,
  "dependencies": {
    "axios": {
      "version": "0.19.0",
      "resolved": "https://registry.npmjs.org/axios/-/axios-0.19.0.tgz",
      "integrity": "sha512-1uvKqKQta3KBxIz14F2v06AEHZ/dIoeKfbTRkK1E5oqjDnuEerLmYTgJB5AiQZHJcljpg1TuRzdjDR06qNk0DQ==",
      "requires": {
        "follow-redirects": "1.5.10",
        "is-buffer": "^2.0.2"
      }
    },
    "follow-redirects": {
      "version": "1.5.10",
      "resolved": "https://registry.npmjs.org/follow-redirects/-/follow-redirects-1.5.10.tgz",
      "integrity": "sha512-0V5l4Cizzvqt5D44aTXbFZz+FtyXV1vrDN6qrelxtfYQKW0KO0W2T/hkE8xvGa/540LkZlkaUjO4ailYTFtHVQ==",
      "requires": {
        "debug": "=3.1.0"
      },
      "dependencies": {
        "debug": {
          "version": "3.1.0",
          "resolved": "https://registry.npmjs.org/debug/-/debug-3.1.0.tgz",
          "integrity": "sha512-OX8XqP7/1a9cqkxYw2yXss15f26NKWBpDXQd0/uK/KPqdQhxbPa994hnzjcE2VqQpDslf55723cKPUOGSmMY3g==",
          "requires": {
            "ms": "2.0.0"
          }
        },
        "ms": {
          "version": "2.0.0",
          "resolved": "https://registry.npmjs.org/ms/-/ms-2.0.0.tgz",
          "integrity": "sha1-VgiurfwAvmwpAd9fmGF4jeDVl8g="
        }
      }
    },
    "is-buffer": {
      "version": "2.0.3",
      "resolved": "https://registry.npmjs.org/is-buffer/-/is-buffer-2.0.3.tgz",
      "integrity": "sha512-U15Q7MXTuZlrbymiz95PJpZxu8IlipAp4dtS3wOdgPXx3mqBnslrWU14kxfHB+Py/+2PVKSr37dMAgM2A4uArw=="
    },
    "mysql2": {
      "version": "1.6.5",
      "resolved": "https://registry.npm.taobao.org/mysql2/download/mysql2-1.6.5.tgz",
      "dependencies": {
        "denque": {
          "version": "https://registry.npm.taobao.org/denque/download/denque-1.4.1.tgz",
          "bundled": true
        },
        "generate-function": {
          "version": "https://registry.npm.taobao.org/generate-function/download/generate-function-2.3.1.tgz",
          "bundled": true,
          "dependencies": {
            "is-property": {
              "version": "https://registry.npm.taobao.org/is-property/download/is-property-1.0.2.tgz"
            }
          }
        },
        "iconv-lite": {
          "version": "https://registry.npm.taobao.org/iconv-lite/download/iconv-lite-0.4.24.tgz",
          "bundled": true
        },
        "long": {
          "version": "https://registry.npm.taobao.org/long/download/long-4.0.0.tgz",
          "bundled": true
        },
        "lru-cache": {
          "version": "https://registry.npm.taobao.org/lru-cache/download/lru-cache-4.1.5.tgz",
          "bundled": true
        },
        "named-placeholders": {
          "version": "https://registry.npm.taobao.org/named-placeholders/download/named-placeholders-1.1.2.tgz",
          "bundled": true,
          "dependencies": {
            "lru-cache": {
              "version": "https://registry.npm.taobao.org/lru-cache/download/lru-cache-4.1.5.tgz",
              "dependencies": {
                "pseudomap": {
                  "version": "https://registry.npm.taobao.org/pseudomap/download/pseudomap-1.0.2.tgz"
                },
                "yallist": {
                  "version": "https://registry.npm.taobao.org/yallist/download/yallist-2.1.2.tgz"
                }
              }
            }
          }
        },
        "seq-queue": {
          "version": "https://registry.npm.taobao.org/seq-queue/download/seq-queue-0.0.5.tgz",
          "bundled": true
        },
        "sqlstring": {
          "version": "https://registry.npm.taobao.org/sqlstring/download/sqlstring-2.3.1.tgz",
          "bundled": true
        }
      }
    },
    "sequelize": {
      "version": "5.8.6",
      "resolved": "https://registry.npm.taobao.org/sequelize/download/sequelize-5.8.6.tgz",
      "dependencies": {
        "bluebird": {
          "version": "https://registry.npm.taobao.org/bluebird/download/bluebird-3.5.4.tgz",
          "bundled": true
        },
        "cls-bluebird": {
          "version": "https://registry.npm.taobao.org/cls-bluebird/download/cls-bluebird-2.1.0.tgz",
          "bundled": true,
          "dependencies": {
            "is-bluebird": {
              "version": "https://registry.npm.taobao.org/is-bluebird/download/is-bluebird-1.0.2.tgz"
            },
            "shimmer": {
              "version": "https://registry.npm.taobao.org/shimmer/download/shimmer-1.2.1.tgz"
            }
          }
        },
        "debug": {
          "version": "https://registry.npm.taobao.org/debug/download/debug-4.1.1.tgz",
          "bundled": true
        },
        "dottie": {
          "version": "https://registry.npm.taobao.org/dottie/download/dottie-2.0.1.tgz",
          "bundled": true
        },
        "inflection": {
          "version": "https://registry.npm.taobao.org/inflection/download/inflection-1.12.0.tgz",
          "bundled": true
        },
        "lodash": {
          "version": "https://registry.npm.taobao.org/lodash/download/lodash-4.17.11.tgz?cache=0&other_urls=https%3A%2F%2Fregistry.npm.taobao.org%2Flodash%2Fdownload%2Flodash-4.17.11.tgz",
          "bundled": true
        },
        "moment": {
          "version": "https://registry.npm.taobao.org/moment/download/moment-2.24.0.tgz?cache=0&other_urls=https%3A%2F%2Fregistry.npm.taobao.org%2Fmoment%2Fdownload%2Fmoment-2.24.0.tgz",
          "bundled": true
        },
        "moment-timezone": {
          "version": "https://registry.npm.taobao.org/moment-timezone/download/moment-timezone-0.5.25.tgz",
          "bundled": true
        },
        "retry-as-promised": {
          "version": "https://registry.npm.taobao.org/retry-as-promised/download/retry-as-promised-3.2.0.tgz",
          "bundled": true
        },
        "semver": {
          "version": "https://registry.npm.taobao.org/semver/download/semver-5.7.0.tgz?cache=0&other_urls=https%3A%2F%2Fregistry.npm.taobao.org%2Fsemver%2Fdownload%2Fsemver-5.7.0.tgz",
          "bundled": true
        },
        "sequelize-pool": {
          "version": "https://registry.npm.taobao.org/sequelize-pool/download/sequelize-pool-1.0.2.tgz",
          "bundled": true
        },
        "toposort-class": {
          "version": "https://registry.npm.taobao.org/toposort-class/download/toposort-class-1.0.1.tgz",
          "bundled": true
        },
        "uuid": {
          "version": "https://registry.npm.taobao.org/uuid/download/uuid-3.3.2.tgz?cache=0&other_urls=https%3A%2F%2Fregistry.npm.taobao.org%2Fuuid%2Fdownload%2Fuuid-3.3.2.tgz",
          "bundled": true
        },
        "validator": {
          "version": "https://registry.npm.taobao.org/validator/download/validator-10.11.0.tgz",
          "bundled": true
        },
        "wkx": {
          "version": "https://registry.npm.taobao.org/wkx/download/wkx-0.4.6.tgz",
          "bundled": true
        }
      }
    },
    "underscore": {
      "version": "1.9.1",
      "resolved": "https://registry.npm.taobao.org/underscore/download/underscore-1.9.1.tgz"
    }
  }
}
